PODS:
  - Alamofire (5.4.1)
  - SwiftyUserDefaults (5.3.0)

DEPENDENCIES:
  - Alamofire
  - SwiftyUserDefaults

SPEC REPOS:
  https://github.com/cocoapods/specs.git:
    - Alamofire
    - SwiftyUserDefaults

SPEC CHECKSUMS:
  Alamofire: 2291f7d21ca607c491dd17642e5d40fdcda0e65c
  SwiftyUserDefaults: 63f80248cf5bfb3458825d9a78f2eb7e1293a040

PODFILE CHECKSUM: 64c4529ac1b1e6d2e39c882782b1921a2318895d

COCOAPODS: 1.5.3
