// !$*UTF8*$!
{
	archiveVersion = 1;
	classes = {
	};
	objectVersion = 50;
	objects = {

/* Begin PBXBuildFile section */
		FE7476E9260ADD6500C9FDE4 /* NewSwiftApp.swift in Sources */ = {isa = PBXBuildFile; fileRef = FE7476D6260ADD6500C9FDE4 /* NewSwiftApp.swift */; };
		FE7476EA260ADD6500C9FDE4 /* NewSwiftApp.swift in Sources */ = {isa = PBXBuildFile; fileRef = FE7476D6260ADD6500C9FDE4 /* NewSwiftApp.swift */; };
		FE7476EB260ADD6500C9FDE4 /* ContentView.swift in Sources */ = {isa = PBXBuildFile; fileRef = FE7476D7260ADD6500C9FDE4 /* ContentView.swift */; };
		FE7476EC260ADD6500C9FDE4 /* ContentView.swift in Sources */ = {isa = PBXBuildFile; fileRef = FE7476D7260ADD6500C9FDE4 /* ContentView.swift */; };
		FE7476ED260ADD6500C9FDE4 /* Assets.xcassets in Resources */ = {isa = PBXBuildFile; fileRef = FE7476D8260ADD6500C9FDE4 /* Assets.xcassets */; };
		FE7476EE260ADD6500C9FDE4 /* Assets.xcassets in Resources */ = {isa = PBXBuildFile; fileRef = FE7476D8260ADD6500C9FDE4 /* Assets.xcassets */; };
/* End PBXBuildFile section */

/* Begin PBXFileReference section */
		FE7476D6260ADD6500C9FDE4 /* NewSwiftApp.swift */ = {isa = PBXFileReference; lastKnownFileType = sourcecode.swift; path = NewSwiftApp.swift; sourceTree = "<group>"; };
		FE7476D7260ADD6500C9FDE4 /* ContentView.swift */ = {isa = PBXFileReference; lastKnownFileType = sourcecode.swift; path = ContentView.swift; sourceTree = "<group>"; };
		FE7476D8260ADD6500C9FDE4 /* Assets.xcassets */ = {isa = PBXFileReference; lastKnownFileType = folder.assetcatalog; path = Assets.xcassets; sourceTree = "<group>"; };
		FE7476DD260ADD6500C9FDE4 /* NewSwift.app */ = {isa = PBXFileReference; explicitFileType = wrapper.application; includeInIndex = 0; path = NewSwift.app; sourceTree = BUILT_PRODUCTS_DIR; };
		FE7476E0260ADD6500C9FDE4 /* Info.plist */ = {isa = PBXFileReference; lastKnownFileType = text.plist.xml; path = Info.plist; sourceTree = "<group>"; };
		FE7476E5260ADD6500C9FDE4 /* NewSwift.app */ = {isa = PBXFileReference; explicitFileType = wrapper.application; includeInIndex = 0; path = NewSwift.app; sourceTree = BUILT_PRODUCTS_DIR; };
		FE7476E7260ADD6500C9FDE4 /* Info.plist */ = {isa = PBXFileReference; lastKnownFileType = text.plist.xml; path = Info.plist; sourceTree = "<group>"; };
		FE7476E8260ADD6500C9FDE4 /* macOS.entitlements */ = {isa = PBXFileReference; lastKnownFileType = text.plist.entitlements; path = macOS.entitlements; sourceTree = "<group>"; };
/* End PBXFileReference section */

/* Begin PBXFrameworksBuildPhase section */
		FE7476DA260ADD6500C9FDE4 /* Frameworks */ = {
			isa = PBXFrameworksBuildPhase;
			buildActionMask = 2147483647;
			files = (
			);
			runOnlyForDeploymentPostprocessing = 0;
		};
		FE7476E2260ADD6500C9FDE4 /* Frameworks */ = {
			isa = PBXFrameworksBuildPhase;
			buildActionMask = 2147483647;
			files = (
			);
			runOnlyForDeploymentPostprocessing = 0;
		};
/* End PBXFrameworksBuildPhase section */

/* Begin PBXGroup section */
		FE7476D0260ADD6500C9FDE4 = {
			isa = PBXGroup;
			children = (
				FE7476D5260ADD6500C9FDE4 /* Shared */,
				FE7476DF260ADD6500C9FDE4 /* iOS */,
				FE7476E6260ADD6500C9FDE4 /* macOS */,
				FE7476DE260ADD6500C9FDE4 /* Products */,
			);
			sourceTree = "<group>";
		};
		FE7476D5260ADD6500C9FDE4 /* Shared */ = {
			isa = PBXGroup;
			children = (
				FE7476D6260ADD6500C9FDE4 /* NewSwiftApp.swift */,
				FE7476D7260ADD6500C9FDE4 /* ContentView.swift */,
				FE7476D8260ADD6500C9FDE4 /* Assets.xcassets */,
			);
			path = Shared;
			sourceTree = "<group>";
		};
		FE7476DE260ADD6500C9FDE4 /* Products */ = {
			isa = PBXGroup;
			children = (
				FE7476DD260ADD6500C9FDE4 /* NewSwift.app */,
				FE7476E5260ADD6500C9FDE4 /* NewSwift.app */,
			);
			name = Products;
			sourceTree = "<group>";
		};
		FE7476DF260ADD6500C9FDE4 /* iOS */ = {
			isa = PBXGroup;
			children = (
				FE7476E0260ADD6500C9FDE4 /* Info.plist */,
			);
			path = iOS;
			sourceTree = "<group>";
		};
		FE7476E6260ADD6500C9FDE4 /* macOS */ = {
			isa = PBXGroup;
			children = (
				FE7476E7260ADD6500C9FDE4 /* Info.plist */,
				FE7476E8260ADD6500C9FDE4 /* macOS.entitlements */,
			);
			path = macOS;
			sourceTree = "<group>";
		};
/* End PBXGroup section */

/* Begin PBXNativeTarget section */
		FE7476DC260ADD6500C9FDE4 /* NewSwift (iOS) */ = {
			isa = PBXNativeTarget;
			buildConfigurationList = FE7476F1260ADD6500C9FDE4 /* Build configuration list for PBXNativeTarget "NewSwift (iOS)" */;
			buildPhases = (
				FE7476D9260ADD6500C9FDE4 /* Sources */,
				FE7476DA260ADD6500C9FDE4 /* Frameworks */,
				FE7476DB260ADD6500C9FDE4 /* Resources */,
			);
			buildRules = (
			);
			dependencies = (
			);
			name = "NewSwift (iOS)";
			productName = "NewSwift (iOS)";
			productReference = FE7476DD260ADD6500C9FDE4 /* NewSwift.app */;
			productType = "com.apple.product-type.application";
		};
		FE7476E4260ADD6500C9FDE4 /* NewSwift (macOS) */ = {
			isa = PBXNativeTarget;
			buildConfigurationList = FE7476F4260ADD6500C9FDE4 /* Build configuration list for PBXNativeTarget "NewSwift (macOS)" */;
			buildPhases = (
				FE7476E1260ADD6500C9FDE4 /* Sources */,
				FE7476E2260ADD6500C9FDE4 /* Frameworks */,
				FE7476E3260ADD6500C9FDE4 /* Resources */,
			);
			buildRules = (
			);
			dependencies = (
			);
			name = "NewSwift (macOS)";
			productName = "NewSwift (macOS)";
			productReference = FE7476E5260ADD6500C9FDE4 /* NewSwift.app */;
			productType = "com.apple.product-type.application";
		};
/* End PBXNativeTarget section */

/* Begin PBXProject section */
		FE7476D1260ADD6500C9FDE4 /* Project object */ = {
			isa = PBXProject;
			attributes = {
				LastSwiftUpdateCheck = 1240;
				LastUpgradeCheck = 1240;
				TargetAttributes = {
					FE7476DC260ADD6500C9FDE4 = {
						CreatedOnToolsVersion = 12.4;
					};
					FE7476E4260ADD6500C9FDE4 = {
						CreatedOnToolsVersion = 12.4;
					};
				};
			};
			buildConfigurationList = FE7476D4260ADD6500C9FDE4 /* Build configuration list for PBXProject "NewSwift" */;
			compatibilityVersion = "Xcode 9.3";
			developmentRegion = en;
			hasScannedForEncodings = 0;
			knownRegions = (
				en,
				Base,
			);
			mainGroup = FE7476D0260ADD6500C9FDE4;
			productRefGroup = FE7476DE260ADD6500C9FDE4 /* Products */;
			projectDirPath = "";
			projectRoot = "";
			targets = (
				FE7476DC260ADD6500C9FDE4 /* NewSwift (iOS) */,
				FE7476E4260ADD6500C9FDE4 /* NewSwift (macOS) */,
			);
		};
/* End PBXProject section */

/* Begin PBXResourcesBuildPhase section */
		FE7476DB260ADD6500C9FDE4 /* Resources */ = {
			isa = PBXResourcesBuildPhase;
			buildActionMask = 2147483647;
			files = (
				FE7476ED260ADD6500C9FDE4 /* Assets.xcassets in Resources */,
			);
			runOnlyForDeploymentPostprocessing = 0;
		};
		FE7476E3260ADD6500C9FDE4 /* Resources */ = {
			isa = PBXResourcesBuildPhase;
			buildActionMask = 2147483647;
			files = (
				FE7476EE260ADD6500C9FDE4 /* Assets.xcassets in Resources */,
			);
			runOnlyForDeploymentPostprocessing = 0;
		};
/* End PBXResourcesBuildPhase section */

/* Begin PBXSourcesBuildPhase section */
		FE7476D9260ADD6500C9FDE4 /* Sources */ = {
			isa = PBXSourcesBuildPhase;
			buildActionMask = 2147483647;
			files = (
				FE7476EB260ADD6500C9FDE4 /* ContentView.swift in Sources */,
				FE7476E9260ADD6500C9FDE4 /* NewSwiftApp.swift in Sources */,
			);
			runOnlyForDeploymentPostprocessing = 0;
		};
		FE7476E1260ADD6500C9FDE4 /* Sources */ = {
			isa = PBXSourcesBuildPhase;
			buildActionMask = 2147483647;
			files = (
				FE7476EC260ADD6500C9FDE4 /* ContentView.swift in Sources */,
				FE7476EA260ADD6500C9FDE4 /* NewSwiftApp.swift in Sources */,
			);
			runOnlyForDeploymentPostprocessing = 0;
		};
/* End PBXSourcesBuildPhase section */

/* Begin XCBuildConfiguration section */
		FE7476EF260ADD6500C9FDE4 /* Debug */ = {
			isa = XCBuildConfiguration;
			buildSettings = {
				ALWAYS_SEARCH_USER_PATHS = NO;
				CLANG_ANALYZER_NONNULL = YES;
				CLANG_ANALYZER_NUMBER_OBJECT_CONVERSION = YES_AGGRESSIVE;
				CLANG_CXX_LANGUAGE_STANDARD = "gnu++14";
				CLANG_CXX_LIBRARY = "libc++";
				CLANG_ENABLE_MODULES = YES;
				CLANG_ENABLE_OBJC_ARC = YES;
				CLANG_ENABLE_OBJC_WEAK = YES;
				CLANG_WARN_BLOCK_CAPTURE_AUTORELEASING = YES;
				CLANG_WARN_BOOL_CONVERSION = YES;
				CLANG_WARN_COMMA = YES;
				CLANG_WARN_CONSTANT_CONVERSION = YES;
				CLANG_WARN_DEPRECATED_OBJC_IMPLEMENTATIONS = YES;
				CLANG_WARN_DIRECT_OBJC_ISA_USAGE = YES_ERROR;
				CLANG_WARN_DOCUMENTATION_COMMENTS = YES;
				CLANG_WARN_EMPTY_BODY = YES;
				CLANG_WARN_ENUM_CONVERSION = YES;
				CLANG_WARN_INFINITE_RECURSION = YES;
				CLANG_WARN_INT_CONVERSION = YES;
				CLANG_WARN_NON_LITERAL_NULL_CONVERSION = YES;
				CLANG_WARN_OBJC_IMPLICIT_RETAIN_SELF = YES;
				CLANG_WARN_OBJC_LITERAL_CONVERSION = YES;
				CLANG_WARN_OBJC_ROOT_CLASS = YES_ERROR;
				CLANG_WARN_QUOTED_INCLUDE_IN_FRAMEWORK_HEADER = YES;
				CLANG_WARN_RANGE_LOOP_ANALYSIS = YES;
				CLANG_WARN_STRICT_PROTOTYPES = YES;
				CLANG_WARN_SUSPICIOUS_MOVE = YES;
				CLANG_WARN_UNGUARDED_AVAILABILITY = YES_AGGRESSIVE;
				CLANG_WARN_UNREACHABLE_CODE = YES;
				CLANG_WARN__DUPLICATE_METHOD_MATCH = YES;
				COPY_PHASE_STRIP = NO;
				DEBUG_INFORMATION_FORMAT = dwarf;
				ENABLE_STRICT_OBJC_MSGSEND = YES;
				ENABLE_TESTABILITY = YES;
				GCC_C_LANGUAGE_STANDARD = gnu11;
				GCC_DYNAMIC_NO_PIC = NO;
				GCC_NO_COMMON_BLOCKS = YES;
				GCC_OPTIMIZATION_LEVEL = 0;
				GCC_PREPROCESSOR_DEFINITIONS = (
					"DEBUG=1",
					"$(inherited)",
				);
				GCC_WARN_64_TO_32_BIT_CONVERSION = YES;
				GCC_WARN_ABOUT_RETURN_TYPE = YES_ERROR;
				GCC_WARN_UNDECLARED_SELECTOR = YES;
				GCC_WARN_UNINITIALIZED_AUTOS = YES_AGGRESSIVE;
				GCC_WARN_UNUSED_FUNCTION = YES;
				GCC_WARN_UNUSED_VARIABLE = YES;
				MTL_ENABLE_DEBUG_INFO = INCLUDE_SOURCE;
				MTL_FAST_MATH = YES;
				ONLY_ACTIVE_ARCH = YES;
				SWIFT_ACTIVE_COMPILATION_CONDITIONS = DEBUG;
				SWIFT_OPTIMIZATION_LEVEL = "-Onone";
			};
			name = Debug;
		};
		FE7476F0260ADD6500C9FDE4 /* Release */ = {
			isa = XCBuildConfiguration;
			buildSettings = {
				ALWAYS_SEARCH_USER_PATHS = NO;
				CLANG_ANALYZER_NONNULL = YES;
				CLANG_ANALYZER_NUMBER_OBJECT_CONVERSION = YES_AGGRESSIVE;
				CLANG_CXX_LANGUAGE_STANDARD = "gnu++14";
				CLANG_CXX_LIBRARY = "libc++";
				CLANG_ENABLE_MODULES = YES;
				CLANG_ENABLE_OBJC_ARC = YES;
				CLANG_ENABLE_OBJC_WEAK = YES;
				CLANG_WARN_BLOCK_CAPTURE_AUTORELEASING = YES;
				CLANG_WARN_BOOL_CONVERSION = YES;
				CLANG_WARN_COMMA = YES;
				CLANG_WARN_CONSTANT_CONVERSION = YES;
				CLANG_WARN_DEPRECATED_OBJC_IMPLEMENTATIONS = YES;
				CLANG_WARN_DIRECT_OBJC_ISA_USAGE = YES_ERROR;
				CLANG_WARN_DOCUMENTATION_COMMENTS = YES;
				CLANG_WARN_EMPTY_BODY = YES;
				CLANG_WARN_ENUM_CONVERSION = YES;
				CLANG_WARN_INFINITE_RECURSION = YES;
				CLANG_WARN_INT_CONVERSION = YES;
				CLANG_WARN_NON_LITERAL_NULL_CONVERSION = YES;
				CLANG_WARN_OBJC_IMPLICIT_RETAIN_SELF = YES;
				CLANG_WARN_OBJC_LITERAL_CONVERSION = YES;
				CLANG_WARN_OBJC_ROOT_CLASS = YES_ERROR;
				CLANG_WARN_QUOTED_INCLUDE_IN_FRAMEWORK_HEADER = YES;
				CLANG_WARN_RANGE_LOOP_ANALYSIS = YES;
				CLANG_WARN_STRICT_PROTOTYPES = YES;
				CLANG_WARN_SUSPICIOUS_MOVE = YES;
				CLANG_WARN_UNGUARDED_AVAILABILITY = YES_AGGRESSIVE;
				CLANG_WARN_UNREACHABLE_CODE = YES;
				CLANG_WARN__DUPLICATE_METHOD_MATCH = YES;
				COPY_PHASE_STRIP = NO;
				DEBUG_INFORMATION_FORMAT = "dwarf-with-dsym";
				ENABLE_NS_ASSERTIONS = NO;
				ENABLE_STRICT_OBJC_MSGSEND = YES;
				GCC_C_LANGUAGE_STANDARD = gnu11;
				GCC_NO_COMMON_BLOCKS = YES;
				GCC_WARN_64_TO_32_BIT_CONVERSION = YES;
				GCC_WARN_ABOUT_RETURN_TYPE = YES_ERROR;
				GCC_WARN_UNDECLARED_SELECTOR = YES;
				GCC_WARN_UNINITIALIZED_AUTOS = YES_AGGRESSIVE;
				GCC_WARN_UNUSED_FUNCTION = YES;
				GCC_WARN_UNUSED_VARIABLE = YES;
				MTL_ENABLE_DEBUG_INFO = NO;
				MTL_FAST_MATH = YES;
				SWIFT_COMPILATION_MODE = wholemodule;
				SWIFT_OPTIMIZATION_LEVEL = "-O";
			};
			name = Release;
		};
		FE7476F2260ADD6500C9FDE4 /* Debug */ = {
			isa = XCBuildConfiguration;
			buildSettings = {
				ASSETCATALOG_COMPILER_APPICON_NAME = AppIcon;
				ASSETCATALOG_COMPILER_GLOBAL_ACCENT_COLOR_NAME = AccentColor;
				CODE_SIGN_STYLE = Automatic;
				DEVELOPMENT_TEAM = BFACKCX7XV;
				ENABLE_PREVIEWS = YES;
				INFOPLIST_FILE = iOS/Info.plist;
				IPHONEOS_DEPLOYMENT_TARGET = 14.0;
				LD_RUNPATH_SEARCH_PATHS = (
					"$(inherited)",
					"@executable_path/Frameworks",
				);
				PRODUCT_BUNDLE_IDENTIFIER = com.xingkong.NewSwift;
				PRODUCT_NAME = NewSwift;
				SDKROOT = iphoneos;
				SWIFT_VERSION = 5.0;
				TARGETED_DEVICE_FAMILY = "1,2";
			};
			name = Debug;
		};
		FE7476F3260ADD6500C9FDE4 /* Release */ = {
			isa = XCBuildConfiguration;
			buildSettings = {
				ASSETCATALOG_COMPILER_APPICON_NAME = AppIcon;
				ASSETCATALOG_COMPILER_GLOBAL_ACCENT_COLOR_NAME = AccentColor;
				CODE_SIGN_STYLE = Automatic;
				DEVELOPMENT_TEAM = BFACKCX7XV;
				ENABLE_PREVIEWS = YES;
				INFOPLIST_FILE = iOS/Info.plist;
				IPHONEOS_DEPLOYMENT_TARGET = 14.0;
				LD_RUNPATH_SEARCH_PATHS = (
					"$(inherited)",
					"@executable_path/Frameworks",
				);
				PRODUCT_BUNDLE_IDENTIFIER = com.xingkong.NewSwift;
				PRODUCT_NAME = NewSwift;
				SDKROOT = iphoneos;
				SWIFT_VERSION = 5.0;
				TARGETED_DEVICE_FAMILY = "1,2";
				VALIDATE_PRODUCT = YES;
			};
			name = Release;
		};
		FE7476F5260ADD6500C9FDE4 /* Debug */ = {
			isa = XCBuildConfiguration;
			buildSettings = {
				ASSETCATALOG_COMPILER_APPICON_NAME = AppIcon;
				ASSETCATALOG_COMPILER_GLOBAL_ACCENT_COLOR_NAME = AccentColor;
				CODE_SIGN_ENTITLEMENTS = macOS/macOS.entitlements;
				CODE_SIGN_STYLE = Automatic;
				COMBINE_HIDPI_IMAGES = YES;
				DEVELOPMENT_TEAM = BFACKCX7XV;
				ENABLE_HARDENED_RUNTIME = YES;
				ENABLE_PREVIEWS = YES;
				INFOPLIST_FILE = macOS/Info.plist;
				LD_RUNPATH_SEARCH_PATHS = (
					"$(inherited)",
					"@executable_path/../Frameworks",
				);
				MACOSX_DEPLOYMENT_TARGET = 11.0;
				PRODUCT_BUNDLE_IDENTIFIER = com.xingkong.NewSwift;
				PRODUCT_NAME = NewSwift;
				SDKROOT = macosx;
				SWIFT_VERSION = 5.0;
			};
			name = Debug;
		};
		FE7476F6260ADD6500C9FDE4 /* Release */ = {
			isa = XCBuildConfiguration;
			buildSettings = {
				ASSETCATALOG_COMPILER_APPICON_NAME = AppIcon;
				ASSETCATALOG_COMPILER_GLOBAL_ACCENT_COLOR_NAME = AccentColor;
				CODE_SIGN_ENTITLEMENTS = macOS/macOS.entitlements;
				CODE_SIGN_STYLE = Automatic;
				COMBINE_HIDPI_IMAGES = YES;
				DEVELOPMENT_TEAM = BFACKCX7XV;
				ENABLE_HARDENED_RUNTIME = YES;
				ENABLE_PREVIEWS = YES;
				INFOPLIST_FILE = macOS/Info.plist;
				LD_RUNPATH_SEARCH_PATHS = (
					"$(inherited)",
					"@executable_path/../Frameworks",
				);
				MACOSX_DEPLOYMENT_TARGET = 11.0;
				PRODUCT_BUNDLE_IDENTIFIER = com.xingkong.NewSwift;
				PRODUCT_NAME = NewSwift;
				SDKROOT = macosx;
				SWIFT_VERSION = 5.0;
			};
			name = Release;
		};
/* End XCBuildConfiguration section */

/* Begin XCConfigurationList section */
		FE7476D4260ADD6500C9FDE4 /* Build configuration list for PBXProject "NewSwift" */ = {
			isa = XCConfigurationList;
			buildConfigurations = (
				FE7476EF260ADD6500C9FDE4 /* Debug */,
				FE7476F0260ADD6500C9FDE4 /* Release */,
			);
			defaultConfigurationIsVisible = 0;
			defaultConfigurationName = Release;
		};
		FE7476F1260ADD6500C9FDE4 /* Build configuration list for PBXNativeTarget "NewSwift (iOS)" */ = {
			isa = XCConfigurationList;
			buildConfigurations = (
				FE7476F2260ADD6500C9FDE4 /* Debug */,
				FE7476F3260ADD6500C9FDE4 /* Release */,
			);
			defaultConfigurationIsVisible = 0;
			defaultConfigurationName = Release;
		};
		FE7476F4260ADD6500C9FDE4 /* Build configuration list for PBXNativeTarget "NewSwift (macOS)" */ = {
			isa = XCConfigurationList;
			buildConfigurations = (
				FE7476F5260ADD6500C9FDE4 /* Debug */,
				FE7476F6260ADD6500C9FDE4 /* Release */,
			);
			defaultConfigurationIsVisible = 0;
			defaultConfigurationName = Release;
		};
/* End XCConfigurationList section */
	};
	rootObject = FE7476D1260ADD6500C9FDE4 /* Project object */;
}
